{
  "name": "bible",
  "version": "1.0.0",
  "lockfileVersion": 1,
  "requires": true,
  "dependencies": {
    "@types/node": {
      "version": "10.12.14",
      "resolved": "https://registry.npmjs.org/@types/node/-/node-10.12.14.tgz",
      "integrity": "sha512-0rVcFRhM93kRGAU88ASCjX9Y3FWDCh+33G5Z5evpKOea4xcpLqDGwmo64+DjgaSezTN5j9KdnUzvxhOw7fNciQ==",
      "dev": true
    },
    "@types/ramda": {
      "version": "github:types/npm-ramda#9529aa3c8ff70ff84afcbc0be83443c00f30ea90",
      "from": "github:types/npm-ramda#dist",
      "dev": true
    },
    "ramda": {
      "version": "0.26.1",
      "resolved": "https://registry.npmjs.org/ramda/-/ramda-0.26.1.tgz",
      "integrity": "sha512-hLWjpy7EnsDBb0p+Z3B7rPi3GDeRG5ZtiI33kJhTt+ORCd38AbAIjB/9zRIUoeTbE/AVX5ZkU7m6bznsvrf8eQ=="
    },
    "typescript": {
      "version": "3.2.2",
      "resolved": "https://registry.npmjs.org/typescript/-/typescript-3.2.2.tgz",
      "integrity": "sha512-VCj5UiSyHBjwfYacmDuc/NOk4QQixbE+Wn7MFJuS0nRuPQbof132Pw4u53dm264O8LPc2MVsc7RJNml5szurkg==",
      "dev": true
    }
  }
}
